
Microsoft Visual Studio Solution File, Format Version 12.00
# Visual Studio 14
VisualStudioVersion = 14.0.25420.1
MinimumVisualStudioVersion = 10.0.40219.1
Project("{FAE04EC0-301F-11D3-BF4B-00C04F79EFBC}") = "MVCProject", "MVCProject\MVCProject.csproj", "{93D119F2-D5C5-41C5-95F7-FB39B3ED781A}"
EndProject
Project("{FAE04EC0-301F-11D3-BF4B-00C04F79EFBC}") = "SFIAData", "SFIAData\SFIAData.csproj", "{69A1BA63-6F0D-41EB-BC7B-C1F244E8DB82}"
EndProject
Project("{FAE04EC0-301F-11D3-BF4B-00C04F79EFBC}") = "SFIADataImport", "SFIADataImport\SFIADataImport.csproj", "{3F12F0DA-99B8-4CE6-AEBA-7DAD996D57FF}"
EndProject
Project("{2150E333-8FDC-42A3-9474-1A3956D46DE8}") = "Solution Items", "Solution Items", "{DC2B63F4-4B54-4D07-9A3B-520F1240A8EB}"
	ProjectSection(SolutionItems) = preProject
		README.md = README.md
	EndProjectSection
EndProject
Global
	GlobalSection(SolutionConfigurationPlatforms) = preSolution
		Debug|Any CPU = Debug|Any CPU
		Release|Any CPU = Release|Any CPU
	EndGlobalSection
	GlobalSection(ProjectConfigurationPlatforms) = postSolution
		{93D119F2-D5C5-41C5-95F7-FB39B3ED781A}.Debug|Any CPU.ActiveCfg = Debug|Any CPU
		{93D119F2-D5C5-41C5-95F7-FB39B3ED781A}.Debug|Any CPU.Build.0 = Debug|Any CPU
		{93D119F2-D5C5-41C5-95F7-FB39B3ED781A}.Release|Any CPU.ActiveCfg = Release|Any CPU
		{93D119F2-D5C5-41C5-95F7-FB39B3ED781A}.Release|Any CPU.Build.0 = Release|Any CPU
		{69A1BA63-6F0D-41EB-BC7B-C1F244E8DB82}.Debug|Any CPU.ActiveCfg = Debug|Any CPU
		{69A1BA63-6F0D-41EB-BC7B-C1F244E8DB82}.Debug|Any CPU.Build.0 = Debug|Any CPU
		{69A1BA63-6F0D-41EB-BC7B-C1F244E8DB82}.Release|Any CPU.ActiveCfg = Release|Any CPU
		{69A1BA63-6F0D-41EB-BC7B-C1F244E8DB82}.Release|Any CPU.Build.0 = Release|Any CPU
		{3F12F0DA-99B8-4CE6-AEBA-7DAD996D57FF}.Debug|Any CPU.ActiveCfg = Debug|Any CPU
		{3F12F0DA-99B8-4CE6-AEBA-7DAD996D57FF}.Debug|Any CPU.Build.0 = Debug|Any CPU
		{3F12F0DA-99B8-4CE6-AEBA-7DAD996D57FF}.Release|Any CPU.ActiveCfg = Release|Any CPU
		{3F12F0DA-99B8-4CE6-AEBA-7DAD996D57FF}.Release|Any CPU.Build.0 = Release|Any CPU
	EndGlobalSection
	GlobalSection(SolutionProperties) = preSolution
		HideSolutionNode = FALSE
	EndGlobalSection
EndGlobal
