
Microsoft Visual Studio Solution File, Format Version 12.00
# Visual Studio 14
VisualStudioVersion = 14.0.25123.0
MinimumVisualStudioVersion = 10.0.40219.1
Project("{FAE04EC0-301F-11D3-BF4B-00C04F79EFBC}") = "SFIADataImport", "SFIADataImport.csproj", "{3F12F0DA-99B8-4CE6-AEBA-7DAD996D57FF}"
EndProject
Project("{FAE04EC0-301F-11D3-BF4B-00C04F79EFBC}") = "SFIAData", "..\SFIAData\SFIAData.csproj", "{69A1BA63-6F0D-41EB-BC7B-C1F244E8DB82}"
EndProject
Project("{FAE04EC0-301F-11D3-BF4B-00C04F79EFBC}") = "DataTests", "UnitTestProject1\DataTests.csproj", "{56DE3B16-8FD5-4841-BE86-25E8D87F0C70}"
EndProject
Project("{FAE04EC0-301F-11D3-BF4B-00C04F79EFBC}") = "SkillsREST", "..\SkillsREST\SkillsREST.csproj", "{63BCDE09-B56E-4130-81C1-A5828E332C96}"
EndProject
Project("{FAE04EC0-301F-11D3-BF4B-00C04F79EFBC}") = "MVC", "..\MVC\MVC.csproj", "{62047861-BB8A-4307-B016-9C18B79BC606}"
EndProject
Global
	GlobalSection(SolutionConfigurationPlatforms) = preSolution
		Debug|Any CPU = Debug|Any CPU
		Release|Any CPU = Release|Any CPU
	EndGlobalSection
	GlobalSection(ProjectConfigurationPlatforms) = postSolution
		{3F12F0DA-99B8-4CE6-AEBA-7DAD996D57FF}.Debug|Any CPU.ActiveCfg = Debug|Any CPU
		{3F12F0DA-99B8-4CE6-AEBA-7DAD996D57FF}.Debug|Any CPU.Build.0 = Debug|Any CPU
		{3F12F0DA-99B8-4CE6-AEBA-7DAD996D57FF}.Release|Any CPU.ActiveCfg = Release|Any CPU
		{3F12F0DA-99B8-4CE6-AEBA-7DAD996D57FF}.Release|Any CPU.Build.0 = Release|Any CPU
		{69A1BA63-6F0D-41EB-BC7B-C1F244E8DB82}.Debug|Any CPU.ActiveCfg = Debug|Any CPU
		{69A1BA63-6F0D-41EB-BC7B-C1F244E8DB82}.Debug|Any CPU.Build.0 = Debug|Any CPU
		{69A1BA63-6F0D-41EB-BC7B-C1F244E8DB82}.Release|Any CPU.ActiveCfg = Release|Any CPU
		{69A1BA63-6F0D-41EB-BC7B-C1F244E8DB82}.Release|Any CPU.Build.0 = Release|Any CPU
		{56DE3B16-8FD5-4841-BE86-25E8D87F0C70}.Debug|Any CPU.ActiveCfg = Debug|Any CPU
		{56DE3B16-8FD5-4841-BE86-25E8D87F0C70}.Debug|Any CPU.Build.0 = Debug|Any CPU
		{56DE3B16-8FD5-4841-BE86-25E8D87F0C70}.Release|Any CPU.ActiveCfg = Release|Any CPU
		{56DE3B16-8FD5-4841-BE86-25E8D87F0C70}.Release|Any CPU.Build.0 = Release|Any CPU
		{63BCDE09-B56E-4130-81C1-A5828E332C96}.Debug|Any CPU.ActiveCfg = Debug|Any CPU
		{63BCDE09-B56E-4130-81C1-A5828E332C96}.Debug|Any CPU.Build.0 = Debug|Any CPU
		{63BCDE09-B56E-4130-81C1-A5828E332C96}.Release|Any CPU.ActiveCfg = Release|Any CPU
		{63BCDE09-B56E-4130-81C1-A5828E332C96}.Release|Any CPU.Build.0 = Release|Any CPU
		{62047861-BB8A-4307-B016-9C18B79BC606}.Debug|Any CPU.ActiveCfg = Debug|Any CPU
		{62047861-BB8A-4307-B016-9C18B79BC606}.Debug|Any CPU.Build.0 = Debug|Any CPU
		{62047861-BB8A-4307-B016-9C18B79BC606}.Release|Any CPU.ActiveCfg = Release|Any CPU
		{62047861-BB8A-4307-B016-9C18B79BC606}.Release|Any CPU.Build.0 = Release|Any CPU
	EndGlobalSection
	GlobalSection(SolutionProperties) = preSolution
		HideSolutionNode = FALSE
	EndGlobalSection
EndGlobal
